
Microsoft Visual Studio Solution File, Format Version 12.00
# Visual Studio Version 17
VisualStudioVersion = 17.9.34310.174
MinimumVisualStudioVersion = 10.0.40219.1
Project("{FAE04EC0-301F-11D3-BF4B-00C04F79EFBC}") = "sprayapp1", "sprayapp1\sprayapp1.csproj", "{C568A594-3A13-4A7F-80FA-D02CBAF33C4E}"
EndProject
Global
	GlobalSection(SolutionConfigurationPlatforms) = preSolution
		Debug|Any CPU = Debug|Any CPU
		Release|Any CPU = Release|Any CPU
	EndGlobalSection
	GlobalSection(ProjectConfigurationPlatforms) = postSolution
		{C568A594-3A13-4A7F-80FA-D02CBAF33C4E}.Debug|Any CPU.ActiveCfg = Debug|Any CPU
		{C568A594-3A13-4A7F-80FA-D02CBAF33C4E}.Debug|Any CPU.Build.0 = Debug|Any CPU
		{C568A594-3A13-4A7F-80FA-D02CBAF33C4E}.Release|Any CPU.ActiveCfg = Release|Any CPU
		{C568A594-3A13-4A7F-80FA-D02CBAF33C4E}.Release|Any CPU.Build.0 = Release|Any CPU
	EndGlobalSection
	GlobalSection(SolutionProperties) = preSolution
		HideSolutionNode = FALSE
	EndGlobalSection
	GlobalSection(ExtensibilityGlobals) = postSolution
		SolutionGuid = {609EC28C-9676-4E92-83BD-F847EF303111}
	EndGlobalSection
EndGlobal
